{
  "name": "ffxiv-opcode-worker",
  "version": "1.0.0",
  "lockfileVersion": 3,
  "requires": true,
  "packages": {
    "": {
      "name": "ffxiv-opcode-worker",
      "version": "1.0.0",
      "license": "AGPL-3.0",
      "dependencies": {
        "csv-parse": "^7.0.2"
      }
    },
    "node_modules/csv-parse": {
      "version": "7.0.2",
      "resolved": "https://registry.npmjs.org/csv-parse/-/csv-parse-7.0.2.tgz",
      "integrity": "sha512-uKZghv9UmPkMVLYy//KZ9HFAIJsl7wkhoEdIL0+rhuSY9pZQlhaeGEDPIe+/w7eh81MOql8Q/9+inAGWG6ZHYA==",
      "license": "MIT"
    }
  }
}
