# This file is generated by running "yarn install" inside your project.
# Manual changes might be lost - proceed with caution!

__metadata:
  version: 8
  cacheKey: 10c0

"csv-parse@npm:^7.0.2":
  version: 7.0.2
  resolution: "csv-parse@npm:7.0.2"
  checksum: 10c0/52ffaafbf7be37201ad782ec3eda37bc24ee0ec6e8967b5a68d5ad2973f10b4154fd11a5b90a002615ef98395c4cd699a13d13509b10067297795b9d3c9320e9
  languageName: node
  linkType: hard

"ffxiv-opcode-worker@workspace:.":
  version: 0.0.0-use.local
  resolution: "ffxiv-opcode-worker@workspace:."
  dependencies:
    csv-parse: "npm:^7.0.2"
  languageName: unknown
  linkType: soft
