# This file is generated by running "yarn install" inside your project.
# Manual changes might be lost - proceed with caution!

__metadata:
  version: 8
  cacheKey: 10c0

"csv-parse@npm:^5.3.0":
  version: 5.5.5
  resolution: "csv-parse@npm:5.5.5"
  checksum: 10c0/717d8e66386cbeed9baea93f231efd3aff967a9b70c27f0c8bb19fa5a723d01b2d426b6728e8f1e5e26731ec4371a5f513e1a524344411735fc8d3848770409e
  languageName: node
  linkType: hard

"ffxiv-opcode-worker@workspace:.":
  version: 0.0.0-use.local
  resolution: "ffxiv-opcode-worker@workspace:."
  dependencies:
    csv-parse: "npm:^5.3.0"
  languageName: unknown
  linkType: soft
